// !$*UTF8*$!
{
	archiveVersion = 1;
	classes = {
	};
	objectVersion = 46;
	objects = {

/* Begin PBXBuildFile section */
		1050FEC218F804DC007F9F6A /* AudioToolbox.framework in Frameworks */ = {isa = PBXBuildFile; fileRef = 1050FEC118F804DC007F9F6A /* AudioToolbox.framework */; };
		1050FEC818F8051A007F9F6A /* AcousticModelEnglish.bundle in Resources */ = {isa = PBXBuildFile; fileRef = 1050FEC418F8051A007F9F6A /* AcousticModelEnglish.bundle */; };
		1050FEC918F8051A007F9F6A /* AcousticModelSpanish.bundle in Resources */ = {isa = PBXBuildFile; fileRef = 1050FEC518F8051A007F9F6A /* AcousticModelSpanish.bundle */; };
		1050FECA18F8051A007F9F6A /* OpenEars.framework in Frameworks */ = {isa = PBXBuildFile; fileRef = 1050FEC618F8051A007F9F6A /* OpenEars.framework */; };
		1050FECB18F8051A007F9F6A /* Slt.framework in Frameworks */ = {isa = PBXBuildFile; fileRef = 1050FEC718F8051A007F9F6A /* Slt.framework */; };
		1050FECE18F809AA007F9F6A /* OpenEarsVoiceManager.m in Sources */ = {isa = PBXBuildFile; fileRef = 1050FECD18F809AA007F9F6A /* OpenEarsVoiceManager.m */; };
		6D7DD51518F3287100769D82 /* LevelViewController.m in Sources */ = {isa = PBXBuildFile; fileRef = 6D7DD51418F3287100769D82 /* LevelViewController.m */; };
		6D84DBFE18EC737900963638 /* Foundation.framework in Frameworks */ = {isa = PBXBuildFile; fileRef = 6D84DBFD18EC737900963638 /* Foundation.framework */; };
		6D84DC0018EC737900963638 /* CoreGraphics.framework in Frameworks */ = {isa = PBXBuildFile; fileRef = 6D84DBFF18EC737900963638 /* CoreGraphics.framework */; };
		6D84DC0218EC737900963638 /* UIKit.framework in Frameworks */ = {isa = PBXBuildFile; fileRef = 6D84DC0118EC737900963638 /* UIKit.framework */; };
		6D84DC0818EC737900963638 /* InfoPlist.strings in Resources */ = {isa = PBXBuildFile; fileRef = 6D84DC0618EC737900963638 /* InfoPlist.strings */; };
		6D84DC0A18EC737900963638 /* main.m in Sources */ = {isa = PBXBuildFile; fileRef = 6D84DC0918EC737900963638 /* main.m */; };
		6D84DC0E18EC737900963638 /* AppDelegate.m in Sources */ = {isa = PBXBuildFile; fileRef = 6D84DC0D18EC737900963638 /* AppDelegate.m */; };
		6D84DC1118EC737900963638 /* Main_iPhone.storyboard in Resources */ = {isa = PBXBuildFile; fileRef = 6D84DC0F18EC737900963638 /* Main_iPhone.storyboard */; };
		6D84DC1418EC737900963638 /* Main_iPad.storyboard in Resources */ = {isa = PBXBuildFile; fileRef = 6D84DC1218EC737900963638 /* Main_iPad.storyboard */; };
		6D84DC1718EC737900963638 /* ViewController.m in Sources */ = {isa = PBXBuildFile; fileRef = 6D84DC1618EC737900963638 /* ViewController.m */; };
		6D84DC1918EC737900963638 /* Images.xcassets in Resources */ = {isa = PBXBuildFile; fileRef = 6D84DC1818EC737900963638 /* Images.xcassets */; };
		6D84DC2018EC737900963638 /* XCTest.framework in Frameworks */ = {isa = PBXBuildFile; fileRef = 6D84DC1F18EC737900963638 /* XCTest.framework */; };
		6D84DC2118EC737900963638 /* Foundation.framework in Frameworks */ = {isa = PBXBuildFile; fileRef = 6D84DBFD18EC737900963638 /* Foundation.framework */; };
		6D84DC2218EC737900963638 /* UIKit.framework in Frameworks */ = {isa = PBXBuildFile; fileRef = 6D84DC0118EC737900963638 /* UIKit.framework */; };
		6D84DC2A18EC737900963638 /* InfoPlist.strings in Resources */ = {isa = PBXBuildFile; fileRef = 6D84DC2818EC737900963638 /* InfoPlist.strings */; };
		6D84DC2C18EC737900963638 /* Little_Learners_Tests.m in Sources */ = {isa = PBXBuildFile; fileRef = 6D84DC2B18EC737900963638 /* Little_Learners_Tests.m */; };
		6D84DC3718EC754800963638 /* CategorySelectionViewController.m in Sources */ = {isa = PBXBuildFile; fileRef = 6D84DC3618EC754800963638 /* CategorySelectionViewController.m */; };
		6D84DC3A18EC768200963638 /* SpellViewController.m in Sources */ = {isa = PBXBuildFile; fileRef = 6D84DC3918EC768200963638 /* SpellViewController.m */; };
		6D84DC3C18ED36D300963638 /* Noun List.plist in Resources */ = {isa = PBXBuildFile; fileRef = 6D84DC3B18ED36D300963638 /* Noun List.plist */; };
		6D84DC3F18ED38EB00963638 /* Utils.m in Sources */ = {isa = PBXBuildFile; fileRef = 6D84DC3E18ED38EB00963638 /* Utils.m */; };
		6D84DC4218ED46AB00963638 /* GameAudioManager.m in Sources */ = {isa = PBXBuildFile; fileRef = 6D84DC4118ED46AB00963638 /* GameAudioManager.m */; };
		6D84DC4418ED46BE00963638 /* AVFoundation.framework in Frameworks */ = {isa = PBXBuildFile; fileRef = 6D84DC4318ED46BE00963638 /* AVFoundation.framework */; };
		6D84DC4618ED473800963638 /* audio in Resources */ = {isa = PBXBuildFile; fileRef = 6D84DC4518ED473800963638 /* audio */; };
		6D84DC5718ED53CC00963638 /* background-kitchen.jpg in Resources */ = {isa = PBXBuildFile; fileRef = 6D84DC4918ED53CC00963638 /* background-kitchen.jpg */; };
		6D84DC5818ED53CC00963638 /* fruit-apple.png in Resources */ = {isa = PBXBuildFile; fileRef = 6D84DC4A18ED53CC00963638 /* fruit-apple.png */; };
		6D84DC5918ED53CC00963638 /* fruit-banana.png in Resources */ = {isa = PBXBuildFile; fileRef = 6D84DC4B18ED53CC00963638 /* fruit-banana.png */; };
		6D84DC5A18ED53CC00963638 /* fruit-blueberry.png in Resources */ = {isa = PBXBuildFile; fileRef = 6D84DC4C18ED53CC00963638 /* fruit-blueberry.png */; };
		6D84DC5B18ED53CC00963638 /* fruit-cherry.png in Resources */ = {isa = PBXBuildFile; fileRef = 6D84DC4D18ED53CC00963638 /* fruit-cherry.png */; };
		6D84DC5C18ED53CC00963638 /* fruit-coconut.png in Resources */ = {isa = PBXBuildFile; fileRef = 6D84DC4E18ED53CC00963638 /* fruit-coconut.png */; };
		6D84DC5D18ED53CC00963638 /* fruit-lemon.png in Resources */ = {isa = PBXBuildFile; fileRef = 6D84DC4F18ED53CC00963638 /* fruit-lemon.png */; };
		6D84DC5E18ED53CC00963638 /* fruit-lime.png in Resources */ = {isa = PBXBuildFile; fileRef = 6D84DC5018ED53CC00963638 /* fruit-lime.png */; };
		6D84DC5F18ED53CC00963638 /* fruit-orange.png in Resources */ = {isa = PBXBuildFile; fileRef = 6D84DC5118ED53CC00963638 /* fruit-orange.png */; };
		6D84DC6018ED53CC00963638 /* fruit-peach.png in Resources */ = {isa = PBXBuildFile; fileRef = 6D84DC5218ED53CC00963638 /* fruit-peach.png */; };
		6D84DC6118ED53CC00963638 /* fruit-pear.png in Resources */ = {isa = PBXBuildFile; fileRef = 6D84DC5318ED53CC00963638 /* fruit-pear.png */; };
		6D84DC6218ED53CC00963638 /* fruit-pineapple.png in Resources */ = {isa = PBXBuildFile; fileRef = 6D84DC5418ED53CC00963638 /* fruit-pineapple.png */; };
		6D84DC6318ED53CC00963638 /* fruit-strawberry.png in Resources */ = {isa = PBXBuildFile; fileRef = 6D84DC5518ED53CC00963638 /* fruit-strawberry.png */; };
		6D84DC6418ED53CC00963638 /* fruit-watermelon.png in Resources */ = {isa = PBXBuildFile; fileRef = 6D84DC5618ED53CC00963638 /* fruit-watermelon.png */; };
/* End PBXBuildFile section */

/* Begin PBXContainerItemProxy section */
		6D84DC2318EC737900963638 /* PBXContainerItemProxy */ = {
			isa = PBXContainerItemProxy;
			containerPortal = 6D84DBF218EC737900963638 /* Project object */;
			proxyType = 1;
			remoteGlobalIDString = 6D84DBF918EC737900963638;
			remoteInfo = "How Cool Is That?";
		};
/* End PBXContainerItemProxy section */

/* Begin PBXFileReference section */
		1050FEC118F804DC007F9F6A /* AudioToolbox.framework */ = {isa = PBXFileReference; lastKnownFileType = wrapper.framework; name = AudioToolbox.framework; path = System/Library/Frameworks/AudioToolbox.framework; sourceTree = SDKROOT; };
		1050FEC418F8051A007F9F6A /* AcousticModelEnglish.bundle */ = {isa = PBXFileReference; lastKnownFileType = "wrapper.plug-in"; path = AcousticModelEnglish.bundle; sourceTree = "<group>"; };
		1050FEC518F8051A007F9F6A /* AcousticModelSpanish.bundle */ = {isa = PBXFileReference; lastKnownFileType = "wrapper.plug-in"; path = AcousticModelSpanish.bundle; sourceTree = "<group>"; };
		1050FEC618F8051A007F9F6A /* OpenEars.framework */ = {isa = PBXFileReference; lastKnownFileType = wrapper.framework; path = OpenEars.framework; sourceTree = "<group>"; };
		1050FEC718F8051A007F9F6A /* Slt.framework */ = {isa = PBXFileReference; lastKnownFileType = wrapper.framework; path = Slt.framework; sourceTree = "<group>"; };
		1050FECC18F809AA007F9F6A /* OpenEarsVoiceManager.h */ = {isa = PBXFileReference; fileEncoding = 4; lastKnownFileType = sourcecode.c.h; path = OpenEarsVoiceManager.h; sourceTree = "<group>"; };
		1050FECD18F809AA007F9F6A /* OpenEarsVoiceManager.m */ = {isa = PBXFileReference; fileEncoding = 4; lastKnownFileType = sourcecode.c.objc; path = OpenEarsVoiceManager.m; sourceTree = "<group>"; };
		6D7DD51318F3287100769D82 /* LevelViewController.h */ = {isa = PBXFileReference; fileEncoding = 4; lastKnownFileType = sourcecode.c.h; path = LevelViewController.h; sourceTree = "<group>"; };
		6D7DD51418F3287100769D82 /* LevelViewController.m */ = {isa = PBXFileReference; fileEncoding = 4; lastKnownFileType = sourcecode.c.objc; path = LevelViewController.m; sourceTree = "<group>"; };
		6D7DD51618F32CBD00769D82 /* Constants.h */ = {isa = PBXFileReference; lastKnownFileType = sourcecode.c.h; path = Constants.h; sourceTree = "<group>"; };
		6D84DBFA18EC737900963638 /* Little Learners.app */ = {isa = PBXFileReference; explicitFileType = wrapper.application; includeInIndex = 0; path = "Little Learners.app"; sourceTree = BUILT_PRODUCTS_DIR; };
		6D84DBFD18EC737900963638 /* Foundation.framework */ = {isa = PBXFileReference; lastKnownFileType = wrapper.framework; name = Foundation.framework; path = System/Library/Frameworks/Foundation.framework; sourceTree = SDKROOT; };
		6D84DBFF18EC737900963638 /* CoreGraphics.framework */ = {isa = PBXFileReference; lastKnownFileType = wrapper.framework; name = CoreGraphics.framework; path = System/Library/Frameworks/CoreGraphics.framework; sourceTree = SDKROOT; };
		6D84DC0118EC737900963638 /* UIKit.framework */ = {isa = PBXFileReference; lastKnownFileType = wrapper.framework; name = UIKit.framework; path = System/Library/Frameworks/UIKit.framework; sourceTree = SDKROOT; };
		6D84DC0518EC737900963638 /* Little Learners-Info.plist */ = {isa = PBXFileReference; lastKnownFileType = text.plist.xml; path = "Little Learners-Info.plist"; sourceTree = "<group>"; };
		6D84DC0718EC737900963638 /* en */ = {isa = PBXFileReference; lastKnownFileType = text.plist.strings; name = en; path = en.lproj/InfoPlist.strings; sourceTree = "<group>"; };
		6D84DC0918EC737900963638 /* main.m */ = {isa = PBXFileReference; lastKnownFileType = sourcecode.c.objc; path = main.m; sourceTree = "<group>"; };
		6D84DC0B18EC737900963638 /* Little Learners-Prefix.pch */ = {isa = PBXFileReference; lastKnownFileType = sourcecode.c.h; path = "Little Learners-Prefix.pch"; sourceTree = "<group>"; };
		6D84DC0C18EC737900963638 /* AppDelegate.h */ = {isa = PBXFileReference; lastKnownFileType = sourcecode.c.h; path = AppDelegate.h; sourceTree = "<group>"; };
		6D84DC0D18EC737900963638 /* AppDelegate.m */ = {isa = PBXFileReference; lastKnownFileType = sourcecode.c.objc; path = AppDelegate.m; sourceTree = "<group>"; };
		6D84DC1018EC737900963638 /* Base */ = {isa = PBXFileReference; lastKnownFileType = file.storyboard; name = Base; path = Base.lproj/Main_iPhone.storyboard; sourceTree = "<group>"; };
		6D84DC1318EC737900963638 /* Base */ = {isa = PBXFileReference; lastKnownFileType = file.storyboard; name = Base; path = Base.lproj/Main_iPad.storyboard; sourceTree = "<group>"; };
		6D84DC1518EC737900963638 /* ViewController.h */ = {isa = PBXFileReference; lastKnownFileType = sourcecode.c.h; path = ViewController.h; sourceTree = "<group>"; };
		6D84DC1618EC737900963638 /* ViewController.m */ = {isa = PBXFileReference; lastKnownFileType = sourcecode.c.objc; path = ViewController.m; sourceTree = "<group>"; };
		6D84DC1818EC737900963638 /* Images.xcassets */ = {isa = PBXFileReference; lastKnownFileType = folder.assetcatalog; path = Images.xcassets; sourceTree = "<group>"; };
		6D84DC1E18EC737900963638 /* Little LearnersTests.xctest */ = {isa = PBXFileReference; explicitFileType = wrapper.cfbundle; includeInIndex = 0; path = "Little LearnersTests.xctest"; sourceTree = BUILT_PRODUCTS_DIR; };
		6D84DC1F18EC737900963638 /* XCTest.framework */ = {isa = PBXFileReference; lastKnownFileType = wrapper.framework; name = XCTest.framework; path = Library/Frameworks/XCTest.framework; sourceTree = DEVELOPER_DIR; };
		6D84DC2718EC737900963638 /* Little LearnersTests-Info.plist */ = {isa = PBXFileReference; lastKnownFileType = text.plist.xml; path = "Little LearnersTests-Info.plist"; sourceTree = "<group>"; };
		6D84DC2918EC737900963638 /* en */ = {isa = PBXFileReference; lastKnownFileType = text.plist.strings; name = en; path = en.lproj/InfoPlist.strings; sourceTree = "<group>"; };
		6D84DC2B18EC737900963638 /* Little_Learners_Tests.m */ = {isa = PBXFileReference; lastKnownFileType = sourcecode.c.objc; path = Little_Learners_Tests.m; sourceTree = "<group>"; };
		6D84DC3518EC754800963638 /* CategorySelectionViewController.h */ = {isa = PBXFileReference; fileEncoding = 4; lastKnownFileType = sourcecode.c.h; path = CategorySelectionViewController.h; sourceTree = "<group>"; };
		6D84DC3618EC754800963638 /* CategorySelectionViewController.m */ = {isa = PBXFileReference; fileEncoding = 4; lastKnownFileType = sourcecode.c.objc; path = CategorySelectionViewController.m; sourceTree = "<group>"; };
		6D84DC3818EC768200963638 /* SpellViewController.h */ = {isa = PBXFileReference; fileEncoding = 4; lastKnownFileType = sourcecode.c.h; path = SpellViewController.h; sourceTree = "<group>"; };
		6D84DC3918EC768200963638 /* SpellViewController.m */ = {isa = PBXFileReference; fileEncoding = 4; lastKnownFileType = sourcecode.c.objc; path = SpellViewController.m; sourceTree = "<group>"; };
		6D84DC3B18ED36D300963638 /* Noun List.plist */ = {isa = PBXFileReference; fileEncoding = 4; lastKnownFileType = text.plist.xml; path = "Noun List.plist"; sourceTree = "<group>"; };
		6D84DC3D18ED38EB00963638 /* Utils.h */ = {isa = PBXFileReference; fileEncoding = 4; lastKnownFileType = sourcecode.c.h; path = Utils.h; sourceTree = "<group>"; };
		6D84DC3E18ED38EB00963638 /* Utils.m */ = {isa = PBXFileReference; fileEncoding = 4; lastKnownFileType = sourcecode.c.objc; path = Utils.m; sourceTree = "<group>"; };
		6D84DC4018ED46AB00963638 /* GameAudioManager.h */ = {isa = PBXFileReference; fileEncoding = 4; lastKnownFileType = sourcecode.c.h; path = GameAudioManager.h; sourceTree = "<group>"; };
		6D84DC4118ED46AB00963638 /* GameAudioManager.m */ = {isa = PBXFileReference; fileEncoding = 4; lastKnownFileType = sourcecode.c.objc; path = GameAudioManager.m; sourceTree = "<group>"; };
		6D84DC4318ED46BE00963638 /* AVFoundation.framework */ = {isa = PBXFileReference; lastKnownFileType = wrapper.framework; name = AVFoundation.framework; path = System/Library/Frameworks/AVFoundation.framework; sourceTree = SDKROOT; };
		6D84DC4518ED473800963638 /* audio */ = {isa = PBXFileReference; lastKnownFileType = folder; path = audio; sourceTree = "<group>"; };
		6D84DC4918ED53CC00963638 /* background-kitchen.jpg */ = {isa = PBXFileReference; lastKnownFileType = image.jpeg; name = "background-kitchen.jpg"; path = "images/background-kitchen.jpg"; sourceTree = "<group>"; };
		6D84DC4A18ED53CC00963638 /* fruit-apple.png */ = {isa = PBXFileReference; lastKnownFileType = image.png; name = "fruit-apple.png"; path = "images/fruit-apple.png"; sourceTree = "<group>"; };
		6D84DC4B18ED53CC00963638 /* fruit-banana.png */ = {isa = PBXFileReference; lastKnownFileType = image.png; name = "fruit-banana.png"; path = "images/fruit-banana.png"; sourceTree = "<group>"; };
		6D84DC4C18ED53CC00963638 /* fruit-blueberry.png */ = {isa = PBXFileReference; lastKnownFileType = image.png; name = "fruit-blueberry.png"; path = "images/fruit-blueberry.png"; sourceTree = "<group>"; };
		6D84DC4D18ED53CC00963638 /* fruit-cherry.png */ = {isa = PBXFileReference; lastKnownFileType = image.png; name = "fruit-cherry.png"; path = "images/fruit-cherry.png"; sourceTree = "<group>"; };
		6D84DC4E18ED53CC00963638 /* fruit-coconut.png */ = {isa = PBXFileReference; lastKnownFileType = image.png; name = "fruit-coconut.png"; path = "images/fruit-coconut.png"; sourceTree = "<group>"; };
		6D84DC4F18ED53CC00963638 /* fruit-lemon.png */ = {isa = PBXFileReference; lastKnownFileType = image.png; name = "fruit-lemon.png"; path = "images/fruit-lemon.png"; sourceTree = "<group>"; };
		6D84DC5018ED53CC00963638 /* fruit-lime.png */ = {isa = PBXFileReference; lastKnownFileType = image.png; name = "fruit-lime.png"; path = "images/fruit-lime.png"; sourceTree = "<group>"; };
		6D84DC5118ED53CC00963638 /* fruit-orange.png */ = {isa = PBXFileReference; lastKnownFileType = image.png; name = "fruit-orange.png"; path = "images/fruit-orange.png"; sourceTree = "<group>"; };
		6D84DC5218ED53CC00963638 /* fruit-peach.png */ = {isa = PBXFileReference; lastKnownFileType = image.png; name = "fruit-peach.png"; path = "images/fruit-peach.png"; sourceTree = "<group>"; };
		6D84DC5318ED53CC00963638 /* fruit-pear.png */ = {isa = PBXFileReference; lastKnownFileType = image.png; name = "fruit-pear.png"; path = "images/fruit-pear.png"; sourceTree = "<group>"; };
		6D84DC5418ED53CC00963638 /* fruit-pineapple.png */ = {isa = PBXFileReference; lastKnownFileType = image.png; name = "fruit-pineapple.png"; path = "images/fruit-pineapple.png"; sourceTree = "<group>"; };
		6D84DC5518ED53CC00963638 /* fruit-strawberry.png */ = {isa = PBXFileReference; lastKnownFileType = image.png; name = "fruit-strawberry.png"; path = "images/fruit-strawberry.png"; sourceTree = "<group>"; };
		6D84DC5618ED53CC00963638 /* fruit-watermelon.png */ = {isa = PBXFileReference; lastKnownFileType = image.png; name = "fruit-watermelon.png"; path = "images/fruit-watermelon.png"; sourceTree = "<group>"; };
/* End PBXFileReference section */

/* Begin PBXFrameworksBuildPhase section */
		6D84DBF718EC737900963638 /* Frameworks */ = {
			isa = PBXFrameworksBuildPhase;
			buildActionMask = 2147483647;
			files = (
				1050FEC218F804DC007F9F6A /* AudioToolbox.framework in Frameworks */,
				1050FECB18F8051A007F9F6A /* Slt.framework in Frameworks */,
				6D84DC4418ED46BE00963638 /* AVFoundation.framework in Frameworks */,
				6D84DC0018EC737900963638 /* CoreGraphics.framework in Frameworks */,
				6D84DC0218EC737900963638 /* UIKit.framework in Frameworks */,
				6D84DBFE18EC737900963638 /* Foundation.framework in Frameworks */,
				1050FECA18F8051A007F9F6A /* OpenEars.framework in Frameworks */,
			);
			runOnlyForDeploymentPostprocessing = 0;
		};
		6D84DC1B18EC737900963638 /* Frameworks */ = {
			isa = PBXFrameworksBuildPhase;
			buildActionMask = 2147483647;
			files = (
				6D84DC2018EC737900963638 /* XCTest.framework in Frameworks */,
				6D84DC2218EC737900963638 /* UIKit.framework in Frameworks */,
				6D84DC2118EC737900963638 /* Foundation.framework in Frameworks */,
			);
			runOnlyForDeploymentPostprocessing = 0;
		};
/* End PBXFrameworksBuildPhase section */

/* Begin PBXGroup section */
		1050FEC318F8051A007F9F6A /* Framework */ = {
			isa = PBXGroup;
			children = (
				1050FEC418F8051A007F9F6A /* AcousticModelEnglish.bundle */,
				1050FEC518F8051A007F9F6A /* AcousticModelSpanish.bundle */,
				1050FEC618F8051A007F9F6A /* OpenEars.framework */,
				1050FEC718F8051A007F9F6A /* Slt.framework */,
			);
			path = Framework;
			sourceTree = "<group>";
		};
		6D84DBF118EC737900963638 = {
			isa = PBXGroup;
			children = (
				6D84DC0318EC737900963638 /* Little Learners */,
				6D84DC2518EC737900963638 /* Little Learners Tests */,
				6D84DBFC18EC737900963638 /* Frameworks */,
				6D84DBFB18EC737900963638 /* Products */,
			);
			sourceTree = "<group>";
		};
		6D84DBFB18EC737900963638 /* Products */ = {
			isa = PBXGroup;
			children = (
				6D84DBFA18EC737900963638 /* Little Learners.app */,
				6D84DC1E18EC737900963638 /* Little LearnersTests.xctest */,
			);
			name = Products;
			sourceTree = "<group>";
		};
		6D84DBFC18EC737900963638 /* Frameworks */ = {
			isa = PBXGroup;
			children = (
				1050FEC118F804DC007F9F6A /* AudioToolbox.framework */,
				6D84DC4318ED46BE00963638 /* AVFoundation.framework */,
				6D84DBFD18EC737900963638 /* Foundation.framework */,
				6D84DBFF18EC737900963638 /* CoreGraphics.framework */,
				6D84DC0118EC737900963638 /* UIKit.framework */,
				6D84DC1F18EC737900963638 /* XCTest.framework */,
			);
			name = Frameworks;
			sourceTree = "<group>";
		};
		6D84DC0318EC737900963638 /* Little Learners */ = {
			isa = PBXGroup;
			children = (
				6D84DC0C18EC737900963638 /* AppDelegate.h */,
				6D84DC0D18EC737900963638 /* AppDelegate.m */,
				6D7DD51618F32CBD00769D82 /* Constants.h */,
				6D84DC0F18EC737900963638 /* Main_iPhone.storyboard */,
				6D84DC1218EC737900963638 /* Main_iPad.storyboard */,
				6D84DC3818EC768200963638 /* SpellViewController.h */,
				6D84DC3918EC768200963638 /* SpellViewController.m */,
				6D7DD51318F3287100769D82 /* LevelViewController.h */,
				6D7DD51418F3287100769D82 /* LevelViewController.m */,
				6D84DC1518EC737900963638 /* ViewController.h */,
				6D84DC1618EC737900963638 /* ViewController.m */,
				6D84DC3518EC754800963638 /* CategorySelectionViewController.h */,
				6D84DC3618EC754800963638 /* CategorySelectionViewController.m */,
				6D84DC3D18ED38EB00963638 /* Utils.h */,
				6D84DC3E18ED38EB00963638 /* Utils.m */,
				6D84DC4018ED46AB00963638 /* GameAudioManager.h */,
				6D84DC4118ED46AB00963638 /* GameAudioManager.m */,
				1050FECC18F809AA007F9F6A /* OpenEarsVoiceManager.h */,
				1050FECD18F809AA007F9F6A /* OpenEarsVoiceManager.m */,
				6D84DC3B18ED36D300963638 /* Noun List.plist */,
				6D84DC6518ED53DA00963638 /* Images */,
				6D84DC4518ED473800963638 /* audio */,
				6D84DC1818EC737900963638 /* Images.xcassets */,
				6D84DC0418EC737900963638 /* Supporting Files */,
				1050FEC318F8051A007F9F6A /* Framework */,
			);
			name = "Little Learners";
			path = "How Cool Is That?";
			sourceTree = "<group>";
		};
		6D84DC0418EC737900963638 /* Supporting Files */ = {
			isa = PBXGroup;
			children = (
				6D84DC0518EC737900963638 /* Little Learners-Info.plist */,
				6D84DC0618EC737900963638 /* InfoPlist.strings */,
				6D84DC0918EC737900963638 /* main.m */,
				6D84DC0B18EC737900963638 /* Little Learners-Prefix.pch */,
			);
			name = "Supporting Files";
			sourceTree = "<group>";
		};
		6D84DC2518EC737900963638 /* Little Learners Tests */ = {
			isa = PBXGroup;
			children = (
				6D84DC2B18EC737900963638 /* Little_Learners_Tests.m */,
				6D84DC2618EC737900963638 /* Supporting Files */,
			);
			name = "Little Learners Tests";
			path = "How Cool Is That?Tests";
			sourceTree = "<group>";
		};
		6D84DC2618EC737900963638 /* Supporting Files */ = {
			isa = PBXGroup;
			children = (
				6D84DC2718EC737900963638 /* Little LearnersTests-Info.plist */,
				6D84DC2818EC737900963638 /* InfoPlist.strings */,
			);
			name = "Supporting Files";
			sourceTree = "<group>";
		};
		6D84DC6518ED53DA00963638 /* Images */ = {
			isa = PBXGroup;
			children = (
				6D84DC4918ED53CC00963638 /* background-kitchen.jpg */,
				6D84DC4A18ED53CC00963638 /* fruit-apple.png */,
				6D84DC4B18ED53CC00963638 /* fruit-banana.png */,
				6D84DC4C18ED53CC00963638 /* fruit-blueberry.png */,
				6D84DC4D18ED53CC00963638 /* fruit-cherry.png */,
				6D84DC4E18ED53CC00963638 /* fruit-coconut.png */,
				6D84DC4F18ED53CC00963638 /* fruit-lemon.png */,
				6D84DC5018ED53CC00963638 /* fruit-lime.png */,
				6D84DC5118ED53CC00963638 /* fruit-orange.png */,
				6D84DC5218ED53CC00963638 /* fruit-peach.png */,
				6D84DC5318ED53CC00963638 /* fruit-pear.png */,
				6D84DC5418ED53CC00963638 /* fruit-pineapple.png */,
				6D84DC5518ED53CC00963638 /* fruit-strawberry.png */,
				6D84DC5618ED53CC00963638 /* fruit-watermelon.png */,
			);
			name = Images;
			sourceTree = "<group>";
		};
/* End PBXGroup section */

/* Begin PBXNativeTarget section */
		6D84DBF918EC737900963638 /* Little Learners */ = {
			isa = PBXNativeTarget;
			buildConfigurationList = 6D84DC2F18EC737900963638 /* Build configuration list for PBXNativeTarget "Little Learners" */;
			buildPhases = (
				6D84DBF618EC737900963638 /* Sources */,
				6D84DBF718EC737900963638 /* Frameworks */,
				6D84DBF818EC737900963638 /* Resources */,
			);
			buildRules = (
			);
			dependencies = (
			);
			name = "Little Learners";
			productName = "How Cool Is That?";
			productReference = 6D84DBFA18EC737900963638 /* Little Learners.app */;
			productType = "com.apple.product-type.application";
		};
		6D84DC1D18EC737900963638 /* Little LearnersTests */ = {
			isa = PBXNativeTarget;
			buildConfigurationList = 6D84DC3218EC737900963638 /* Build configuration list for PBXNativeTarget "Little LearnersTests" */;
			buildPhases = (
				6D84DC1A18EC737900963638 /* Sources */,
				6D84DC1B18EC737900963638 /* Frameworks */,
				6D84DC1C18EC737900963638 /* Resources */,
			);
			buildRules = (
			);
			dependencies = (
				6D84DC2418EC737900963638 /* PBXTargetDependency */,
			);
			name = "Little LearnersTests";
			productName = "How Cool Is That?Tests";
			productReference = 6D84DC1E18EC737900963638 /* Little LearnersTests.xctest */;
			productType = "com.apple.product-type.bundle.unit-test";
		};
/* End PBXNativeTarget section */

/* Begin PBXProject section */
		6D84DBF218EC737900963638 /* Project object */ = {
			isa = PBXProject;
			attributes = {
				LastUpgradeCheck = 0510;
				ORGANIZATIONNAME = YangShun;
				TargetAttributes = {
					6D84DBF918EC737900963638 = {
						DevelopmentTeam = EJ664WY4CE;
					};
					6D84DC1D18EC737900963638 = {
						TestTargetID = 6D84DBF918EC737900963638;
					};
				};
			};
			buildConfigurationList = 6D84DBF518EC737900963638 /* Build configuration list for PBXProject "Little Learners" */;
			compatibilityVersion = "Xcode 3.2";
			developmentRegion = English;
			hasScannedForEncodings = 0;
			knownRegions = (
				en,
				Base,
			);
			mainGroup = 6D84DBF118EC737900963638;
			productRefGroup = 6D84DBFB18EC737900963638 /* Products */;
			projectDirPath = "";
			projectRoot = "";
			targets = (
				6D84DBF918EC737900963638 /* Little Learners */,
				6D84DC1D18EC737900963638 /* Little LearnersTests */,
			);
		};
/* End PBXProject section */

/* Begin PBXResourcesBuildPhase section */
		6D84DBF818EC737900963638 /* Resources */ = {
			isa = PBXResourcesBuildPhase;
			buildActionMask = 2147483647;
			files = (
				6D84DC5718ED53CC00963638 /* background-kitchen.jpg in Resources */,
				6D84DC3C18ED36D300963638 /* Noun List.plist in Resources */,
				6D84DC1418EC737900963638 /* Main_iPad.storyboard in Resources */,
				6D84DC1918EC737900963638 /* Images.xcassets in Resources */,
				6D84DC5D18ED53CC00963638 /* fruit-lemon.png in Resources */,
				6D84DC4618ED473800963638 /* audio in Resources */,
				1050FEC818F8051A007F9F6A /* AcousticModelEnglish.bundle in Resources */,
				6D84DC6218ED53CC00963638 /* fruit-pineapple.png in Resources */,
				6D84DC6418ED53CC00963638 /* fruit-watermelon.png in Resources */,
				6D84DC6118ED53CC00963638 /* fruit-pear.png in Resources */,
				6D84DC5F18ED53CC00963638 /* fruit-orange.png in Resources */,
				1050FEC918F8051A007F9F6A /* AcousticModelSpanish.bundle in Resources */,
				6D84DC5A18ED53CC00963638 /* fruit-blueberry.png in Resources */,
				6D84DC1118EC737900963638 /* Main_iPhone.storyboard in Resources */,
				6D84DC5C18ED53CC00963638 /* fruit-coconut.png in Resources */,
				6D84DC0818EC737900963638 /* InfoPlist.strings in Resources */,
				6D84DC5818ED53CC00963638 /* fruit-apple.png in Resources */,
				6D84DC6018ED53CC00963638 /* fruit-peach.png in Resources */,
				6D84DC5918ED53CC00963638 /* fruit-banana.png in Resources */,
				6D84DC5B18ED53CC00963638 /* fruit-cherry.png in Resources */,
				6D84DC5E18ED53CC00963638 /* fruit-lime.png in Resources */,
				6D84DC6318ED53CC00963638 /* fruit-strawberry.png in Resources */,
			);
			runOnlyForDeploymentPostprocessing = 0;
		};
		6D84DC1C18EC737900963638 /* Resources */ = {
			isa = PBXResourcesBuildPhase;
			buildActionMask = 2147483647;
			files = (
				6D84DC2A18EC737900963638 /* InfoPlist.strings in Resources */,
			);
			runOnlyForDeploymentPostprocessing = 0;
		};
/* End PBXResourcesBuildPhase section */

/* Begin PBXSourcesBuildPhase section */
		6D84DBF618EC737900963638 /* Sources */ = {
			isa = PBXSourcesBuildPhase;
			buildActionMask = 2147483647;
			files = (
				6D84DC3A18EC768200963638 /* SpellViewController.m in Sources */,
				1050FECE18F809AA007F9F6A /* OpenEarsVoiceManager.m in Sources */,
				6D84DC1718EC737900963638 /* ViewController.m in Sources */,
				6D84DC3718EC754800963638 /* CategorySelectionViewController.m in Sources */,
				6D84DC3F18ED38EB00963638 /* Utils.m in Sources */,
				6D84DC0E18EC737900963638 /* AppDelegate.m in Sources */,
				6D84DC4218ED46AB00963638 /* GameAudioManager.m in Sources */,
				6D84DC0A18EC737900963638 /* main.m in Sources */,
				6D7DD51518F3287100769D82 /* LevelViewController.m in Sources */,
			);
			runOnlyForDeploymentPostprocessing = 0;
		};
		6D84DC1A18EC737900963638 /* Sources */ = {
			isa = PBXSourcesBuildPhase;
			buildActionMask = 2147483647;
			files = (
				6D84DC2C18EC737900963638 /* Little_Learners_Tests.m in Sources */,
			);
			runOnlyForDeploymentPostprocessing = 0;
		};
/* End PBXSourcesBuildPhase section */

/* Begin PBXTargetDependency section */
		6D84DC2418EC737900963638 /* PBXTargetDependency */ = {
			isa = PBXTargetDependency;
			target = 6D84DBF918EC737900963638 /* Little Learners */;
			targetProxy = 6D84DC2318EC737900963638 /* PBXContainerItemProxy */;
		};
/* End PBXTargetDependency section */

/* Begin PBXVariantGroup section */
		6D84DC0618EC737900963638 /* InfoPlist.strings */ = {
			isa = PBXVariantGroup;
			children = (
				6D84DC0718EC737900963638 /* en */,
			);
			name = InfoPlist.strings;
			sourceTree = "<group>";
		};
		6D84DC0F18EC737900963638 /* Main_iPhone.storyboard */ = {
			isa = PBXVariantGroup;
			children = (
				6D84DC1018EC737900963638 /* Base */,
			);
			name = Main_iPhone.storyboard;
			sourceTree = "<group>";
		};
		6D84DC1218EC737900963638 /* Main_iPad.storyboard */ = {
			isa = PBXVariantGroup;
			children = (
				6D84DC1318EC737900963638 /* Base */,
			);
			name = Main_iPad.storyboard;
			sourceTree = "<group>";
		};
		6D84DC2818EC737900963638 /* InfoPlist.strings */ = {
			isa = PBXVariantGroup;
			children = (
				6D84DC2918EC737900963638 /* en */,
			);
			name = InfoPlist.strings;
			sourceTree = "<group>";
		};
/* End PBXVariantGroup section */

/* Begin XCBuildConfiguration section */
		6D84DC2D18EC737900963638 /* Debug */ = {
			isa = XCBuildConfiguration;
			buildSettings = {
				ALWAYS_SEARCH_USER_PATHS = NO;
				CLANG_CXX_LANGUAGE_STANDARD = "gnu++0x";
				CLANG_CXX_LIBRARY = "libc++";
				CLANG_ENABLE_MODULES = YES;
				CLANG_ENABLE_OBJC_ARC = YES;
				CLANG_WARN_BOOL_CONVERSION = YES;
				CLANG_WARN_CONSTANT_CONVERSION = YES;
				CLANG_WARN_DIRECT_OBJC_ISA_USAGE = YES_ERROR;
				CLANG_WARN_EMPTY_BODY = YES;
				CLANG_WARN_ENUM_CONVERSION = YES;
				CLANG_WARN_INT_CONVERSION = YES;
				CLANG_WARN_OBJC_ROOT_CLASS = YES_ERROR;
				CLANG_WARN__DUPLICATE_METHOD_MATCH = YES;
				"CODE_SIGN_IDENTITY[sdk=iphoneos*]" = "iPhone Developer";
				COPY_PHASE_STRIP = NO;
				GCC_C_LANGUAGE_STANDARD = gnu99;
				GCC_DYNAMIC_NO_PIC = NO;
				GCC_OPTIMIZATION_LEVEL = 0;
				GCC_PREPROCESSOR_DEFINITIONS = (
					"DEBUG=1",
					"$(inherited)",
				);
				GCC_SYMBOLS_PRIVATE_EXTERN = NO;
				GCC_WARN_64_TO_32_BIT_CONVERSION = YES;
				GCC_WARN_ABOUT_RETURN_TYPE = YES_ERROR;
				GCC_WARN_UNDECLARED_SELECTOR = YES;
				GCC_WARN_UNINITIALIZED_AUTOS = YES_AGGRESSIVE;
				GCC_WARN_UNUSED_FUNCTION = YES;
				GCC_WARN_UNUSED_VARIABLE = YES;
				IPHONEOS_DEPLOYMENT_TARGET = 7.1;
				ONLY_ACTIVE_ARCH = YES;
				SDKROOT = iphoneos;
				TARGETED_DEVICE_FAMILY = "1,2";
			};
			name = Debug;
		};
		6D84DC2E18EC737900963638 /* Release */ = {
			isa = XCBuildConfiguration;
			buildSettings = {
				ALWAYS_SEARCH_USER_PATHS = NO;
				CLANG_CXX_LANGUAGE_STANDARD = "gnu++0x";
				CLANG_CXX_LIBRARY = "libc++";
				CLANG_ENABLE_MODULES = YES;
				CLANG_ENABLE_OBJC_ARC = YES;
				CLANG_WARN_BOOL_CONVERSION = YES;
				CLANG_WARN_CONSTANT_CONVERSION = YES;
				CLANG_WARN_DIRECT_OBJC_ISA_USAGE = YES_ERROR;
				CLANG_WARN_EMPTY_BODY = YES;
				CLANG_WARN_ENUM_CONVERSION = YES;
				CLANG_WARN_INT_CONVERSION = YES;
				CLANG_WARN_OBJC_ROOT_CLASS = YES_ERROR;
				CLANG_WARN__DUPLICATE_METHOD_MATCH = YES;
				"CODE_SIGN_IDENTITY[sdk=iphoneos*]" = "iPhone Developer";
				COPY_PHASE_STRIP = YES;
				ENABLE_NS_ASSERTIONS = NO;
				GCC_C_LANGUAGE_STANDARD = gnu99;
				GCC_WARN_64_TO_32_BIT_CONVERSION = YES;
				GCC_WARN_ABOUT_RETURN_TYPE = YES_ERROR;
				GCC_WARN_UNDECLARED_SELECTOR = YES;
				GCC_WARN_UNINITIALIZED_AUTOS = YES_AGGRESSIVE;
				GCC_WARN_UNUSED_FUNCTION = YES;
				GCC_WARN_UNUSED_VARIABLE = YES;
				IPHONEOS_DEPLOYMENT_TARGET = 7.1;
				SDKROOT = iphoneos;
				TARGETED_DEVICE_FAMILY = "1,2";
				VALIDATE_PRODUCT = YES;
			};
			name = Release;
		};
		6D84DC3018EC737900963638 /* Debug */ = {
			isa = XCBuildConfiguration;
			buildSettings = {
				ASSETCATALOG_COMPILER_APPICON_NAME = AppIcon;
				ASSETCATALOG_COMPILER_LAUNCHIMAGE_NAME = LaunchImage;
				CODE_SIGN_IDENTITY = "iPhone Developer";
				"CODE_SIGN_IDENTITY[sdk=iphoneos*]" = "iPhone Developer";
				FRAMEWORK_SEARCH_PATHS = (
					"$(inherited)",
					"$(PROJECT_DIR)/How",
					Cool,
					Is,
					"That?/Framework",
				);
				GCC_PRECOMPILE_PREFIX_HEADER = YES;
				GCC_PREFIX_HEADER = "How Cool Is That?/Little Learners-Prefix.pch";
				INFOPLIST_FILE = "How Cool Is That?/Little Learners-Info.plist";
				PRODUCT_NAME = "Little Learners";
				PROVISIONING_PROFILE = "";
				WRAPPER_EXTENSION = app;
			};
			name = Debug;
		};
		6D84DC3118EC737900963638 /* Release */ = {
			isa = XCBuildConfiguration;
			buildSettings = {
				ASSETCATALOG_COMPILER_APPICON_NAME = AppIcon;
				ASSETCATALOG_COMPILER_LAUNCHIMAGE_NAME = LaunchImage;
				CODE_SIGN_IDENTITY = "iPhone Developer";
				"CODE_SIGN_IDENTITY[sdk=iphoneos*]" = "iPhone Developer";
				FRAMEWORK_SEARCH_PATHS = (
					"$(inherited)",
					"$(PROJECT_DIR)/How",
					Cool,
					Is,
					"That?/Framework",
				);
				GCC_PRECOMPILE_PREFIX_HEADER = YES;
				GCC_PREFIX_HEADER = "How Cool Is That?/Little Learners-Prefix.pch";
				INFOPLIST_FILE = "How Cool Is That?/Little Learners-Info.plist";
				PRODUCT_NAME = "Little Learners";
				PROVISIONING_PROFILE = "";
				WRAPPER_EXTENSION = app;
			};
			name = Release;
		};
		6D84DC3318EC737900963638 /* Debug */ = {
			isa = XCBuildConfiguration;
			buildSettings = {
				BUNDLE_LOADER = "$(BUILT_PRODUCTS_DIR)/How Cool Is That?.app/How Cool Is That?";
				FRAMEWORK_SEARCH_PATHS = (
					"$(SDKROOT)/Developer/Library/Frameworks",
					"$(inherited)",
					"$(DEVELOPER_FRAMEWORKS_DIR)",
				);
				GCC_PRECOMPILE_PREFIX_HEADER = YES;
				GCC_PREFIX_HEADER = "How Cool Is That?/How Cool Is That?-Prefix.pch";
				GCC_PREPROCESSOR_DEFINITIONS = (
					"DEBUG=1",
					"$(inherited)",
				);
				INFOPLIST_FILE = "How Cool Is That?Tests/Little LearnersTests-Info.plist";
				PRODUCT_NAME = "Little LearnersTests";
				TEST_HOST = "$(BUNDLE_LOADER)";
				WRAPPER_EXTENSION = xctest;
			};
			name = Debug;
		};
		6D84DC3418EC737900963638 /* Release */ = {
			isa = XCBuildConfiguration;
			buildSettings = {
				BUNDLE_LOADER = "$(BUILT_PRODUCTS_DIR)/How Cool Is That?.app/How Cool Is That?";
				FRAMEWORK_SEARCH_PATHS = (
					"$(SDKROOT)/Developer/Library/Frameworks",
					"$(inherited)",
					"$(DEVELOPER_FRAMEWORKS_DIR)",
				);
				GCC_PRECOMPILE_PREFIX_HEADER = YES;
				GCC_PREFIX_HEADER = "How Cool Is That?/How Cool Is That?-Prefix.pch";
				INFOPLIST_FILE = "How Cool Is That?Tests/Little LearnersTests-Info.plist";
				PRODUCT_NAME = "Little LearnersTests";
				TEST_HOST = "$(BUNDLE_LOADER)";
				WRAPPER_EXTENSION = xctest;
			};
			name = Release;
		};
/* End XCBuildConfiguration section */

/* Begin XCConfigurationList section */
		6D84DBF518EC737900963638 /* Build configuration list for PBXProject "Little Learners" */ = {
			isa = XCConfigurationList;
			buildConfigurations = (
				6D84DC2D18EC737900963638 /* Debug */,
				6D84DC2E18EC737900963638 /* Release */,
			);
			defaultConfigurationIsVisible = 0;
			defaultConfigurationName = Release;
		};
		6D84DC2F18EC737900963638 /* Build configuration list for PBXNativeTarget "Little Learners" */ = {
			isa = XCConfigurationList;
			buildConfigurations = (
				6D84DC3018EC737900963638 /* Debug */,
				6D84DC3118EC737900963638 /* Release */,
			);
			defaultConfigurationIsVisible = 0;
			defaultConfigurationName = Release;
		};
		6D84DC3218EC737900963638 /* Build configuration list for PBXNativeTarget "Little LearnersTests" */ = {
			isa = XCConfigurationList;
			buildConfigurations = (
				6D84DC3318EC737900963638 /* Debug */,
				6D84DC3418EC737900963638 /* Release */,
			);
			defaultConfigurationIsVisible = 0;
			defaultConfigurationName = Release;
		};
/* End XCConfigurationList section */
	};
	rootObject = 6D84DBF218EC737900963638 /* Project object */;
}
