// !$*UTF8*$!
{
	archiveVersion = 1;
	classes = {
	};
	objectVersion = 46;
	objects = {

/* Begin PBXBuildFile section */
		104674E618E4711500FB1EFC /* Security.framework in Frameworks */ = {isa = PBXBuildFile; fileRef = 104674E518E4711500FB1EFC /* Security.framework */; };
		104674E818E4712900FB1EFC /* libicucore.dylib in Frameworks */ = {isa = PBXBuildFile; fileRef = 104674E718E4712900FB1EFC /* libicucore.dylib */; };
		104674EA18E4713B00FB1EFC /* MobileCoreServices.framework in Frameworks */ = {isa = PBXBuildFile; fileRef = 104674E918E4713B00FB1EFC /* MobileCoreServices.framework */; };
		104674EC18E4714800FB1EFC /* CFNetwork.framework in Frameworks */ = {isa = PBXBuildFile; fileRef = 104674EB18E4714800FB1EFC /* CFNetwork.framework */; };
		104674F818E471A100FB1EFC /* SocketIO.m in Sources */ = {isa = PBXBuildFile; fileRef = 104674EE18E471A100FB1EFC /* SocketIO.m */; };
		104674F918E471A100FB1EFC /* SocketIOJSONSerialization.m in Sources */ = {isa = PBXBuildFile; fileRef = 104674F018E471A100FB1EFC /* SocketIOJSONSerialization.m */; };
		104674FA18E471A100FB1EFC /* SocketIOPacket.m in Sources */ = {isa = PBXBuildFile; fileRef = 104674F218E471A100FB1EFC /* SocketIOPacket.m */; };
		104674FB18E471A100FB1EFC /* SocketIOTransportWebsocket.m in Sources */ = {isa = PBXBuildFile; fileRef = 104674F518E471A100FB1EFC /* SocketIOTransportWebsocket.m */; };
		104674FC18E471A100FB1EFC /* SocketIOTransportXHR.m in Sources */ = {isa = PBXBuildFile; fileRef = 104674F718E471A100FB1EFC /* SocketIOTransportXHR.m */; };
		1046750518E4721000FB1EFC /* base64.c in Sources */ = {isa = PBXBuildFile; fileRef = 104674FE18E4721000FB1EFC /* base64.c */; };
		1046750618E4721000FB1EFC /* NSData+SRB64Additions.m in Sources */ = {isa = PBXBuildFile; fileRef = 1046750118E4721000FB1EFC /* NSData+SRB64Additions.m */; };
		1046750718E4721000FB1EFC /* SRWebSocket.m in Sources */ = {isa = PBXBuildFile; fileRef = 1046750418E4721000FB1EFC /* SRWebSocket.m */; };
		10E713C418DE8DF60031B2AC /* appgrammar.arpa in Resources */ = {isa = PBXBuildFile; fileRef = 10E713C218DE8DF60031B2AC /* appgrammar.arpa */; };
		10E713C518DE8DF60031B2AC /* appvocab.dic in Resources */ = {isa = PBXBuildFile; fileRef = 10E713C318DE8DF60031B2AC /* appvocab.dic */; };
		10E713C718DE8E850031B2AC /* ViewController_iPhone.xib in Resources */ = {isa = PBXBuildFile; fileRef = 10E713C618DE8E850031B2AC /* ViewController_iPhone.xib */; };
		8C2996C315ECEAF900C2B0B6 /* OpenEars.framework in Frameworks */ = {isa = PBXBuildFile; fileRef = 8C2996B415ECEAF900C2B0B6 /* OpenEars.framework */; };
		8C2996C915ECEAF900C2B0B6 /* Slt.framework in Frameworks */ = {isa = PBXBuildFile; fileRef = 8C2996BA15ECEAF900C2B0B6 /* Slt.framework */; };
		8C2F9B711507BEF20031011A /* UIKit.framework in Frameworks */ = {isa = PBXBuildFile; fileRef = 8C2F9B701507BEF20031011A /* UIKit.framework */; };
		8C2F9B731507BEF20031011A /* Foundation.framework in Frameworks */ = {isa = PBXBuildFile; fileRef = 8C2F9B721507BEF20031011A /* Foundation.framework */; };
		8C2F9B751507BEF20031011A /* CoreGraphics.framework in Frameworks */ = {isa = PBXBuildFile; fileRef = 8C2F9B741507BEF20031011A /* CoreGraphics.framework */; };
		8C2F9B7B1507BEF20031011A /* InfoPlist.strings in Resources */ = {isa = PBXBuildFile; fileRef = 8C2F9B791507BEF20031011A /* InfoPlist.strings */; };
		8C2F9B7D1507BEF20031011A /* main.m in Sources */ = {isa = PBXBuildFile; fileRef = 8C2F9B7C1507BEF20031011A /* main.m */; };
		8C2F9B811507BEF20031011A /* AppDelegate.m in Sources */ = {isa = PBXBuildFile; fileRef = 8C2F9B801507BEF20031011A /* AppDelegate.m */; };
		8C2F9B841507BEF20031011A /* ViewController.m in Sources */ = {isa = PBXBuildFile; fileRef = 8C2F9B831507BEF20031011A /* ViewController.m */; };
		8C2F9B8A1507BEF30031011A /* ViewController_iPad.xib in Resources */ = {isa = PBXBuildFile; fileRef = 8C2F9B881507BEF30031011A /* ViewController_iPad.xib */; };
		8C2F9B921507BEF30031011A /* SenTestingKit.framework in Frameworks */ = {isa = PBXBuildFile; fileRef = 8C2F9B911507BEF30031011A /* SenTestingKit.framework */; };
		8C2F9B931507BEF30031011A /* UIKit.framework in Frameworks */ = {isa = PBXBuildFile; fileRef = 8C2F9B701507BEF20031011A /* UIKit.framework */; };
		8C2F9B941507BEF30031011A /* Foundation.framework in Frameworks */ = {isa = PBXBuildFile; fileRef = 8C2F9B721507BEF20031011A /* Foundation.framework */; };
		8C2F9BC61507BF2A0031011A /* AudioToolbox.framework in Frameworks */ = {isa = PBXBuildFile; fileRef = 8C2F9BC41507BF2A0031011A /* AudioToolbox.framework */; };
		8C2F9BC71507BF2A0031011A /* AVFoundation.framework in Frameworks */ = {isa = PBXBuildFile; fileRef = 8C2F9BC51507BF2A0031011A /* AVFoundation.framework */; };
		8C72BB3415C1664F008BDED4 /* SystemConfiguration.framework in Frameworks */ = {isa = PBXBuildFile; fileRef = 8C72BB3315C1664F008BDED4 /* SystemConfiguration.framework */; };
		8C875ADA17BBCBE400C24D0C /* AcousticModelEnglish.bundle in Resources */ = {isa = PBXBuildFile; fileRef = 8C875AD917BBCBE400C24D0C /* AcousticModelEnglish.bundle */; };
		8C875AE117BBCC1900C24D0C /* OpenEars1.dic in Resources */ = {isa = PBXBuildFile; fileRef = 8C875ADC17BBCC1900C24D0C /* OpenEars1.dic */; };
		8C875AE217BBCC1900C24D0C /* OpenEars1.gram in Resources */ = {isa = PBXBuildFile; fileRef = 8C875ADD17BBCC1900C24D0C /* OpenEars1.gram */; };
		8C875AE317BBCC1900C24D0C /* OpenEars1.languagemodel in Resources */ = {isa = PBXBuildFile; fileRef = 8C875ADE17BBCC1900C24D0C /* OpenEars1.languagemodel */; };
		8C875AE417BBCC1900C24D0C /* OpenEars2.gram in Resources */ = {isa = PBXBuildFile; fileRef = 8C875ADF17BBCC1900C24D0C /* OpenEars2.gram */; };
		8C875AE517BBCC1900C24D0C /* OpenEarsCorpus.txt in Resources */ = {isa = PBXBuildFile; fileRef = 8C875AE017BBCC1900C24D0C /* OpenEarsCorpus.txt */; };
		8C875B0917BBDE0A00C24D0C /* AcousticModelSpanish.bundle in Resources */ = {isa = PBXBuildFile; fileRef = 8C875B0817BBDE0A00C24D0C /* AcousticModelSpanish.bundle */; };
		8CA7340C1507D00A0016931D /* Icon.png in Resources */ = {isa = PBXBuildFile; fileRef = 8CA7340B1507D00A0016931D /* Icon.png */; };
/* End PBXBuildFile section */

/* Begin PBXContainerItemProxy section */
		8C2F9B951507BEF30031011A /* PBXContainerItemProxy */ = {
			isa = PBXContainerItemProxy;
			containerPortal = 8C2F9B631507BEF20031011A /* Project object */;
			proxyType = 1;
			remoteGlobalIDString = 8C2F9B6B1507BEF20031011A;
			remoteInfo = OpenEarsSampleApp;
		};
/* End PBXContainerItemProxy section */

/* Begin PBXFileReference section */
		104674E518E4711500FB1EFC /* Security.framework */ = {isa = PBXFileReference; lastKnownFileType = wrapper.framework; name = Security.framework; path = System/Library/Frameworks/Security.framework; sourceTree = SDKROOT; };
		104674E718E4712900FB1EFC /* libicucore.dylib */ = {isa = PBXFileReference; lastKnownFileType = "compiled.mach-o.dylib"; name = libicucore.dylib; path = usr/lib/libicucore.dylib; sourceTree = SDKROOT; };
		104674E918E4713B00FB1EFC /* MobileCoreServices.framework */ = {isa = PBXFileReference; lastKnownFileType = wrapper.framework; name = MobileCoreServices.framework; path = System/Library/Frameworks/MobileCoreServices.framework; sourceTree = SDKROOT; };
		104674EB18E4714800FB1EFC /* CFNetwork.framework */ = {isa = PBXFileReference; lastKnownFileType = wrapper.framework; name = CFNetwork.framework; path = System/Library/Frameworks/CFNetwork.framework; sourceTree = SDKROOT; };
		104674ED18E471A100FB1EFC /* SocketIO.h */ = {isa = PBXFileReference; fileEncoding = 4; lastKnownFileType = sourcecode.c.h; path = SocketIO.h; sourceTree = "<group>"; };
		104674EE18E471A100FB1EFC /* SocketIO.m */ = {isa = PBXFileReference; fileEncoding = 4; lastKnownFileType = sourcecode.c.objc; path = SocketIO.m; sourceTree = "<group>"; };
		104674EF18E471A100FB1EFC /* SocketIOJSONSerialization.h */ = {isa = PBXFileReference; fileEncoding = 4; lastKnownFileType = sourcecode.c.h; path = SocketIOJSONSerialization.h; sourceTree = "<group>"; };
		104674F018E471A100FB1EFC /* SocketIOJSONSerialization.m */ = {isa = PBXFileReference; fileEncoding = 4; lastKnownFileType = sourcecode.c.objc; path = SocketIOJSONSerialization.m; sourceTree = "<group>"; };
		104674F118E471A100FB1EFC /* SocketIOPacket.h */ = {isa = PBXFileReference; fileEncoding = 4; lastKnownFileType = sourcecode.c.h; path = SocketIOPacket.h; sourceTree = "<group>"; };
		104674F218E471A100FB1EFC /* SocketIOPacket.m */ = {isa = PBXFileReference; fileEncoding = 4; lastKnownFileType = sourcecode.c.objc; path = SocketIOPacket.m; sourceTree = "<group>"; };
		104674F318E471A100FB1EFC /* SocketIOTransport.h */ = {isa = PBXFileReference; fileEncoding = 4; lastKnownFileType = sourcecode.c.h; path = SocketIOTransport.h; sourceTree = "<group>"; };
		104674F418E471A100FB1EFC /* SocketIOTransportWebsocket.h */ = {isa = PBXFileReference; fileEncoding = 4; lastKnownFileType = sourcecode.c.h; path = SocketIOTransportWebsocket.h; sourceTree = "<group>"; };
		104674F518E471A100FB1EFC /* SocketIOTransportWebsocket.m */ = {isa = PBXFileReference; fileEncoding = 4; lastKnownFileType = sourcecode.c.objc; path = SocketIOTransportWebsocket.m; sourceTree = "<group>"; };
		104674F618E471A100FB1EFC /* SocketIOTransportXHR.h */ = {isa = PBXFileReference; fileEncoding = 4; lastKnownFileType = sourcecode.c.h; path = SocketIOTransportXHR.h; sourceTree = "<group>"; };
		104674F718E471A100FB1EFC /* SocketIOTransportXHR.m */ = {isa = PBXFileReference; fileEncoding = 4; lastKnownFileType = sourcecode.c.objc; path = SocketIOTransportXHR.m; sourceTree = "<group>"; };
		104674FE18E4721000FB1EFC /* base64.c */ = {isa = PBXFileReference; fileEncoding = 4; lastKnownFileType = sourcecode.c.c; path = base64.c; sourceTree = "<group>"; };
		104674FF18E4721000FB1EFC /* base64.h */ = {isa = PBXFileReference; fileEncoding = 4; lastKnownFileType = sourcecode.c.h; path = base64.h; sourceTree = "<group>"; };
		1046750018E4721000FB1EFC /* NSData+SRB64Additions.h */ = {isa = PBXFileReference; fileEncoding = 4; lastKnownFileType = sourcecode.c.h; path = "NSData+SRB64Additions.h"; sourceTree = "<group>"; };
		1046750118E4721000FB1EFC /* NSData+SRB64Additions.m */ = {isa = PBXFileReference; fileEncoding = 4; lastKnownFileType = sourcecode.c.objc; path = "NSData+SRB64Additions.m"; sourceTree = "<group>"; };
		1046750218E4721000FB1EFC /* SocketRocket-Prefix.pch */ = {isa = PBXFileReference; fileEncoding = 4; lastKnownFileType = sourcecode.c.h; path = "SocketRocket-Prefix.pch"; sourceTree = "<group>"; };
		1046750318E4721000FB1EFC /* SRWebSocket.h */ = {isa = PBXFileReference; fileEncoding = 4; lastKnownFileType = sourcecode.c.h; path = SRWebSocket.h; sourceTree = "<group>"; };
		1046750418E4721000FB1EFC /* SRWebSocket.m */ = {isa = PBXFileReference; fileEncoding = 4; lastKnownFileType = sourcecode.c.objc; path = SRWebSocket.m; sourceTree = "<group>"; };
		10E713C218DE8DF60031B2AC /* appgrammar.arpa */ = {isa = PBXFileReference; fileEncoding = 4; lastKnownFileType = text; path = appgrammar.arpa; sourceTree = "<group>"; };
		10E713C318DE8DF60031B2AC /* appvocab.dic */ = {isa = PBXFileReference; fileEncoding = 4; lastKnownFileType = text; path = appvocab.dic; sourceTree = "<group>"; };
		10E713C618DE8E850031B2AC /* ViewController_iPhone.xib */ = {isa = PBXFileReference; fileEncoding = 4; lastKnownFileType = file.xib; path = ViewController_iPhone.xib; sourceTree = "<group>"; };
		8C2996B415ECEAF900C2B0B6 /* OpenEars.framework */ = {isa = PBXFileReference; lastKnownFileType = wrapper.framework; name = OpenEars.framework; path = ../Framework/OpenEars.framework; sourceTree = "<group>"; };
		8C2996BA15ECEAF900C2B0B6 /* Slt.framework */ = {isa = PBXFileReference; lastKnownFileType = wrapper.framework; name = Slt.framework; path = ../Framework/Slt.framework; sourceTree = "<group>"; };
		8C2F9B6C1507BEF20031011A /* OpenEarsTrial.app */ = {isa = PBXFileReference; explicitFileType = wrapper.application; includeInIndex = 0; path = OpenEarsTrial.app; sourceTree = BUILT_PRODUCTS_DIR; };
		8C2F9B701507BEF20031011A /* UIKit.framework */ = {isa = PBXFileReference; lastKnownFileType = wrapper.framework; name = UIKit.framework; path = System/Library/Frameworks/UIKit.framework; sourceTree = SDKROOT; };
		8C2F9B721507BEF20031011A /* Foundation.framework */ = {isa = PBXFileReference; lastKnownFileType = wrapper.framework; name = Foundation.framework; path = System/Library/Frameworks/Foundation.framework; sourceTree = SDKROOT; };
		8C2F9B741507BEF20031011A /* CoreGraphics.framework */ = {isa = PBXFileReference; lastKnownFileType = wrapper.framework; name = CoreGraphics.framework; path = System/Library/Frameworks/CoreGraphics.framework; sourceTree = SDKROOT; };
		8C2F9B781507BEF20031011A /* OpenEarsTrial-Info.plist */ = {isa = PBXFileReference; lastKnownFileType = text.plist.xml; path = "OpenEarsTrial-Info.plist"; sourceTree = "<group>"; };
		8C2F9B7A1507BEF20031011A /* en */ = {isa = PBXFileReference; lastKnownFileType = text.plist.strings; name = en; path = en.lproj/InfoPlist.strings; sourceTree = "<group>"; };
		8C2F9B7C1507BEF20031011A /* main.m */ = {isa = PBXFileReference; lastKnownFileType = sourcecode.c.objc; path = main.m; sourceTree = "<group>"; };
		8C2F9B7E1507BEF20031011A /* OpenEarsTrial-Prefix.pch */ = {isa = PBXFileReference; lastKnownFileType = sourcecode.c.h; path = "OpenEarsTrial-Prefix.pch"; sourceTree = "<group>"; };
		8C2F9B7F1507BEF20031011A /* AppDelegate.h */ = {isa = PBXFileReference; lastKnownFileType = sourcecode.c.h; path = AppDelegate.h; sourceTree = "<group>"; };
		8C2F9B801507BEF20031011A /* AppDelegate.m */ = {isa = PBXFileReference; lastKnownFileType = sourcecode.c.objc; path = AppDelegate.m; sourceTree = "<group>"; };
		8C2F9B821507BEF20031011A /* ViewController.h */ = {isa = PBXFileReference; lastKnownFileType = sourcecode.c.h; path = ViewController.h; sourceTree = "<group>"; };
		8C2F9B831507BEF20031011A /* ViewController.m */ = {isa = PBXFileReference; lastKnownFileType = sourcecode.c.objc; path = ViewController.m; sourceTree = "<group>"; };
		8C2F9B891507BEF30031011A /* en */ = {isa = PBXFileReference; lastKnownFileType = file.xib; name = en; path = en.lproj/ViewController_iPad.xib; sourceTree = "<group>"; };
		8C2F9B901507BEF30031011A /* OpenEarsTrialTests.octest */ = {isa = PBXFileReference; explicitFileType = wrapper.cfbundle; includeInIndex = 0; path = OpenEarsTrialTests.octest; sourceTree = BUILT_PRODUCTS_DIR; };
		8C2F9B911507BEF30031011A /* SenTestingKit.framework */ = {isa = PBXFileReference; lastKnownFileType = wrapper.framework; name = SenTestingKit.framework; path = Library/Frameworks/SenTestingKit.framework; sourceTree = DEVELOPER_DIR; };
		8C2F9BC41507BF2A0031011A /* AudioToolbox.framework */ = {isa = PBXFileReference; lastKnownFileType = wrapper.framework; name = AudioToolbox.framework; path = System/Library/Frameworks/AudioToolbox.framework; sourceTree = SDKROOT; };
		8C2F9BC51507BF2A0031011A /* AVFoundation.framework */ = {isa = PBXFileReference; lastKnownFileType = wrapper.framework; name = AVFoundation.framework; path = System/Library/Frameworks/AVFoundation.framework; sourceTree = SDKROOT; };
		8C72BB3315C1664F008BDED4 /* SystemConfiguration.framework */ = {isa = PBXFileReference; lastKnownFileType = wrapper.framework; name = SystemConfiguration.framework; path = System/Library/Frameworks/SystemConfiguration.framework; sourceTree = SDKROOT; };
		8C875AD917BBCBE400C24D0C /* AcousticModelEnglish.bundle */ = {isa = PBXFileReference; lastKnownFileType = "wrapper.plug-in"; name = AcousticModelEnglish.bundle; path = ../Framework/AcousticModelEnglish.bundle; sourceTree = "<group>"; };
		8C875ADC17BBCC1900C24D0C /* OpenEars1.dic */ = {isa = PBXFileReference; fileEncoding = 4; lastKnownFileType = text; path = OpenEars1.dic; sourceTree = "<group>"; };
		8C875ADD17BBCC1900C24D0C /* OpenEars1.gram */ = {isa = PBXFileReference; fileEncoding = 4; lastKnownFileType = text; path = OpenEars1.gram; sourceTree = "<group>"; };
		8C875ADE17BBCC1900C24D0C /* OpenEars1.languagemodel */ = {isa = PBXFileReference; fileEncoding = 4; lastKnownFileType = text; path = OpenEars1.languagemodel; sourceTree = "<group>"; };
		8C875ADF17BBCC1900C24D0C /* OpenEars2.gram */ = {isa = PBXFileReference; fileEncoding = 4; lastKnownFileType = text; path = OpenEars2.gram; sourceTree = "<group>"; };
		8C875AE017BBCC1900C24D0C /* OpenEarsCorpus.txt */ = {isa = PBXFileReference; fileEncoding = 4; lastKnownFileType = text; path = OpenEarsCorpus.txt; sourceTree = "<group>"; };
		8C875B0817BBDE0A00C24D0C /* AcousticModelSpanish.bundle */ = {isa = PBXFileReference; lastKnownFileType = "wrapper.plug-in"; name = AcousticModelSpanish.bundle; path = ../Framework/AcousticModelSpanish.bundle; sourceTree = "<group>"; };
		8CA7340B1507D00A0016931D /* Icon.png */ = {isa = PBXFileReference; lastKnownFileType = image.png; path = Icon.png; sourceTree = "<group>"; };
/* End PBXFileReference section */

/* Begin PBXFrameworksBuildPhase section */
		8C2F9B691507BEF20031011A /* Frameworks */ = {
			isa = PBXFrameworksBuildPhase;
			buildActionMask = 2147483647;
			files = (
				104674EC18E4714800FB1EFC /* CFNetwork.framework in Frameworks */,
				104674EA18E4713B00FB1EFC /* MobileCoreServices.framework in Frameworks */,
				104674E818E4712900FB1EFC /* libicucore.dylib in Frameworks */,
				104674E618E4711500FB1EFC /* Security.framework in Frameworks */,
				8C72BB3415C1664F008BDED4 /* SystemConfiguration.framework in Frameworks */,
				8C2F9BC61507BF2A0031011A /* AudioToolbox.framework in Frameworks */,
				8C2F9BC71507BF2A0031011A /* AVFoundation.framework in Frameworks */,
				8C2F9B711507BEF20031011A /* UIKit.framework in Frameworks */,
				8C2F9B731507BEF20031011A /* Foundation.framework in Frameworks */,
				8C2F9B751507BEF20031011A /* CoreGraphics.framework in Frameworks */,
				8C2996C315ECEAF900C2B0B6 /* OpenEars.framework in Frameworks */,
				8C2996C915ECEAF900C2B0B6 /* Slt.framework in Frameworks */,
			);
			runOnlyForDeploymentPostprocessing = 0;
		};
		8C2F9B8C1507BEF30031011A /* Frameworks */ = {
			isa = PBXFrameworksBuildPhase;
			buildActionMask = 2147483647;
			files = (
				8C2F9B921507BEF30031011A /* SenTestingKit.framework in Frameworks */,
				8C2F9B931507BEF30031011A /* UIKit.framework in Frameworks */,
				8C2F9B941507BEF30031011A /* Foundation.framework in Frameworks */,
			);
			runOnlyForDeploymentPostprocessing = 0;
		};
/* End PBXFrameworksBuildPhase section */

/* Begin PBXGroup section */
		104674FD18E4721000FB1EFC /* SocketRocket */ = {
			isa = PBXGroup;
			children = (
				104674FE18E4721000FB1EFC /* base64.c */,
				104674FF18E4721000FB1EFC /* base64.h */,
				1046750018E4721000FB1EFC /* NSData+SRB64Additions.h */,
				1046750118E4721000FB1EFC /* NSData+SRB64Additions.m */,
				1046750218E4721000FB1EFC /* SocketRocket-Prefix.pch */,
				1046750318E4721000FB1EFC /* SRWebSocket.h */,
				1046750418E4721000FB1EFC /* SRWebSocket.m */,
			);
			name = SocketRocket;
			path = VocabularyFiles/SocketRocket;
			sourceTree = "<group>";
		};
		8C2F9B611507BEF20031011A = {
			isa = PBXGroup;
			children = (
				8C2F9B761507BEF20031011A /* OpenEarsTrial */,
				8C2F9B6F1507BEF20031011A /* Frameworks */,
				8C2F9B6D1507BEF20031011A /* Products */,
			);
			sourceTree = "<group>";
		};
		8C2F9B6D1507BEF20031011A /* Products */ = {
			isa = PBXGroup;
			children = (
				8C2F9B6C1507BEF20031011A /* OpenEarsTrial.app */,
				8C2F9B901507BEF30031011A /* OpenEarsTrialTests.octest */,
			);
			name = Products;
			sourceTree = "<group>";
		};
		8C2F9B6F1507BEF20031011A /* Frameworks */ = {
			isa = PBXGroup;
			children = (
				104674EB18E4714800FB1EFC /* CFNetwork.framework */,
				104674E918E4713B00FB1EFC /* MobileCoreServices.framework */,
				104674E718E4712900FB1EFC /* libicucore.dylib */,
				104674E518E4711500FB1EFC /* Security.framework */,
				8C875B0817BBDE0A00C24D0C /* AcousticModelSpanish.bundle */,
				8C875AD917BBCBE400C24D0C /* AcousticModelEnglish.bundle */,
				8C2996B415ECEAF900C2B0B6 /* OpenEars.framework */,
				8C2996BA15ECEAF900C2B0B6 /* Slt.framework */,
				8C72BB3315C1664F008BDED4 /* SystemConfiguration.framework */,
				8C2F9BC41507BF2A0031011A /* AudioToolbox.framework */,
				8C2F9BC51507BF2A0031011A /* AVFoundation.framework */,
				8C2F9B701507BEF20031011A /* UIKit.framework */,
				8C2F9B721507BEF20031011A /* Foundation.framework */,
				8C2F9B741507BEF20031011A /* CoreGraphics.framework */,
				8C2F9B911507BEF30031011A /* SenTestingKit.framework */,
			);
			name = Frameworks;
			sourceTree = "<group>";
		};
		8C2F9B761507BEF20031011A /* OpenEarsTrial */ = {
			isa = PBXGroup;
			children = (
				104674FD18E4721000FB1EFC /* SocketRocket */,
				8C875ADB17BBCC1900C24D0C /* VocabularyFiles */,
				8C2F9B7F1507BEF20031011A /* AppDelegate.h */,
				8C2F9B801507BEF20031011A /* AppDelegate.m */,
				8C2F9B821507BEF20031011A /* ViewController.h */,
				8C2F9B831507BEF20031011A /* ViewController.m */,
				10E713C618DE8E850031B2AC /* ViewController_iPhone.xib */,
				8C2F9B881507BEF30031011A /* ViewController_iPad.xib */,
				104674ED18E471A100FB1EFC /* SocketIO.h */,
				104674EE18E471A100FB1EFC /* SocketIO.m */,
				104674EF18E471A100FB1EFC /* SocketIOJSONSerialization.h */,
				104674F018E471A100FB1EFC /* SocketIOJSONSerialization.m */,
				104674F118E471A100FB1EFC /* SocketIOPacket.h */,
				104674F218E471A100FB1EFC /* SocketIOPacket.m */,
				104674F318E471A100FB1EFC /* SocketIOTransport.h */,
				104674F418E471A100FB1EFC /* SocketIOTransportWebsocket.h */,
				104674F518E471A100FB1EFC /* SocketIOTransportWebsocket.m */,
				104674F618E471A100FB1EFC /* SocketIOTransportXHR.h */,
				104674F718E471A100FB1EFC /* SocketIOTransportXHR.m */,
				8C2F9B771507BEF20031011A /* Supporting Files */,
			);
			name = OpenEarsTrial;
			path = OpenEarsSampleApp;
			sourceTree = "<group>";
		};
		8C2F9B771507BEF20031011A /* Supporting Files */ = {
			isa = PBXGroup;
			children = (
				8CA7340B1507D00A0016931D /* Icon.png */,
				8C2F9B781507BEF20031011A /* OpenEarsTrial-Info.plist */,
				8C2F9B791507BEF20031011A /* InfoPlist.strings */,
				8C2F9B7C1507BEF20031011A /* main.m */,
				8C2F9B7E1507BEF20031011A /* OpenEarsTrial-Prefix.pch */,
			);
			name = "Supporting Files";
			sourceTree = "<group>";
		};
		8C875ADB17BBCC1900C24D0C /* VocabularyFiles */ = {
			isa = PBXGroup;
			children = (
				10E713C218DE8DF60031B2AC /* appgrammar.arpa */,
				10E713C318DE8DF60031B2AC /* appvocab.dic */,
				8C875ADC17BBCC1900C24D0C /* OpenEars1.dic */,
				8C875ADD17BBCC1900C24D0C /* OpenEars1.gram */,
				8C875ADE17BBCC1900C24D0C /* OpenEars1.languagemodel */,
				8C875ADF17BBCC1900C24D0C /* OpenEars2.gram */,
				8C875AE017BBCC1900C24D0C /* OpenEarsCorpus.txt */,
			);
			path = VocabularyFiles;
			sourceTree = "<group>";
		};
/* End PBXGroup section */

/* Begin PBXNativeTarget section */
		8C2F9B6B1507BEF20031011A /* OpenEarsTrial */ = {
			isa = PBXNativeTarget;
			buildConfigurationList = 8C2F9BA21507BEF30031011A /* Build configuration list for PBXNativeTarget "OpenEarsTrial" */;
			buildPhases = (
				8C2F9B681507BEF20031011A /* Sources */,
				8C2F9B691507BEF20031011A /* Frameworks */,
				8C2F9B6A1507BEF20031011A /* Resources */,
			);
			buildRules = (
			);
			dependencies = (
			);
			name = OpenEarsTrial;
			productName = OpenEarsSampleApp;
			productReference = 8C2F9B6C1507BEF20031011A /* OpenEarsTrial.app */;
			productType = "com.apple.product-type.application";
		};
		8C2F9B8F1507BEF30031011A /* OpenEarsTrialTests */ = {
			isa = PBXNativeTarget;
			buildConfigurationList = 8C2F9BA51507BEF30031011A /* Build configuration list for PBXNativeTarget "OpenEarsTrialTests" */;
			buildPhases = (
				8C2F9B8B1507BEF30031011A /* Sources */,
				8C2F9B8C1507BEF30031011A /* Frameworks */,
				8C2F9B8D1507BEF30031011A /* Resources */,
				8C2F9B8E1507BEF30031011A /* ShellScript */,
			);
			buildRules = (
			);
			dependencies = (
				8C2F9B961507BEF30031011A /* PBXTargetDependency */,
			);
			name = OpenEarsTrialTests;
			productName = OpenEarsSampleAppTests;
			productReference = 8C2F9B901507BEF30031011A /* OpenEarsTrialTests.octest */;
			productType = "com.apple.product-type.bundle";
		};
/* End PBXNativeTarget section */

/* Begin PBXProject section */
		8C2F9B631507BEF20031011A /* Project object */ = {
			isa = PBXProject;
			attributes = {
				LastUpgradeCheck = 0430;
				ORGANIZATIONNAME = Politepix;
				TargetAttributes = {
					8C2F9B6B1507BEF20031011A = {
						DevelopmentTeam = EJ664WY4CE;
					};
				};
			};
			buildConfigurationList = 8C2F9B661507BEF20031011A /* Build configuration list for PBXProject "OpenEarsTrial" */;
			compatibilityVersion = "Xcode 3.2";
			developmentRegion = English;
			hasScannedForEncodings = 0;
			knownRegions = (
				en,
			);
			mainGroup = 8C2F9B611507BEF20031011A;
			productRefGroup = 8C2F9B6D1507BEF20031011A /* Products */;
			projectDirPath = "";
			projectRoot = "";
			targets = (
				8C2F9B6B1507BEF20031011A /* OpenEarsTrial */,
				8C2F9B8F1507BEF30031011A /* OpenEarsTrialTests */,
			);
		};
/* End PBXProject section */

/* Begin PBXResourcesBuildPhase section */
		8C2F9B6A1507BEF20031011A /* Resources */ = {
			isa = PBXResourcesBuildPhase;
			buildActionMask = 2147483647;
			files = (
				8C2F9B7B1507BEF20031011A /* InfoPlist.strings in Resources */,
				8C2F9B8A1507BEF30031011A /* ViewController_iPad.xib in Resources */,
				8CA7340C1507D00A0016931D /* Icon.png in Resources */,
				8C875ADA17BBCBE400C24D0C /* AcousticModelEnglish.bundle in Resources */,
				8C875AE117BBCC1900C24D0C /* OpenEars1.dic in Resources */,
				10E713C718DE8E850031B2AC /* ViewController_iPhone.xib in Resources */,
				8C875AE217BBCC1900C24D0C /* OpenEars1.gram in Resources */,
				8C875AE317BBCC1900C24D0C /* OpenEars1.languagemodel in Resources */,
				8C875AE417BBCC1900C24D0C /* OpenEars2.gram in Resources */,
				8C875AE517BBCC1900C24D0C /* OpenEarsCorpus.txt in Resources */,
				10E713C418DE8DF60031B2AC /* appgrammar.arpa in Resources */,
				10E713C518DE8DF60031B2AC /* appvocab.dic in Resources */,
				8C875B0917BBDE0A00C24D0C /* AcousticModelSpanish.bundle in Resources */,
			);
			runOnlyForDeploymentPostprocessing = 0;
		};
		8C2F9B8D1507BEF30031011A /* Resources */ = {
			isa = PBXResourcesBuildPhase;
			buildActionMask = 2147483647;
			files = (
			);
			runOnlyForDeploymentPostprocessing = 0;
		};
/* End PBXResourcesBuildPhase section */

/* Begin PBXShellScriptBuildPhase section */
		8C2F9B8E1507BEF30031011A /* ShellScript */ = {
			isa = PBXShellScriptBuildPhase;
			buildActionMask = 2147483647;
			files = (
			);
			inputPaths = (
			);
			outputPaths = (
			);
			runOnlyForDeploymentPostprocessing = 0;
			shellPath = /bin/sh;
			shellScript = "# Run the unit tests in this test bundle.\n\"${SYSTEM_DEVELOPER_DIR}/Tools/RunUnitTests\"\n";
		};
/* End PBXShellScriptBuildPhase section */

/* Begin PBXSourcesBuildPhase section */
		8C2F9B681507BEF20031011A /* Sources */ = {
			isa = PBXSourcesBuildPhase;
			buildActionMask = 2147483647;
			files = (
				1046750618E4721000FB1EFC /* NSData+SRB64Additions.m in Sources */,
				8C2F9B7D1507BEF20031011A /* main.m in Sources */,
				104674FC18E471A100FB1EFC /* SocketIOTransportXHR.m in Sources */,
				104674FB18E471A100FB1EFC /* SocketIOTransportWebsocket.m in Sources */,
				8C2F9B811507BEF20031011A /* AppDelegate.m in Sources */,
				1046750718E4721000FB1EFC /* SRWebSocket.m in Sources */,
				1046750518E4721000FB1EFC /* base64.c in Sources */,
				104674FA18E471A100FB1EFC /* SocketIOPacket.m in Sources */,
				104674F918E471A100FB1EFC /* SocketIOJSONSerialization.m in Sources */,
				104674F818E471A100FB1EFC /* SocketIO.m in Sources */,
				8C2F9B841507BEF20031011A /* ViewController.m in Sources */,
			);
			runOnlyForDeploymentPostprocessing = 0;
		};
		8C2F9B8B1507BEF30031011A /* Sources */ = {
			isa = PBXSourcesBuildPhase;
			buildActionMask = 2147483647;
			files = (
			);
			runOnlyForDeploymentPostprocessing = 0;
		};
/* End PBXSourcesBuildPhase section */

/* Begin PBXTargetDependency section */
		8C2F9B961507BEF30031011A /* PBXTargetDependency */ = {
			isa = PBXTargetDependency;
			target = 8C2F9B6B1507BEF20031011A /* OpenEarsTrial */;
			targetProxy = 8C2F9B951507BEF30031011A /* PBXContainerItemProxy */;
		};
/* End PBXTargetDependency section */

/* Begin PBXVariantGroup section */
		8C2F9B791507BEF20031011A /* InfoPlist.strings */ = {
			isa = PBXVariantGroup;
			children = (
				8C2F9B7A1507BEF20031011A /* en */,
			);
			name = InfoPlist.strings;
			sourceTree = "<group>";
		};
		8C2F9B881507BEF30031011A /* ViewController_iPad.xib */ = {
			isa = PBXVariantGroup;
			children = (
				8C2F9B891507BEF30031011A /* en */,
			);
			name = ViewController_iPad.xib;
			sourceTree = "<group>";
		};
/* End PBXVariantGroup section */

/* Begin XCBuildConfiguration section */
		8C2F9BA01507BEF30031011A /* Debug */ = {
			isa = XCBuildConfiguration;
			buildSettings = {
				ALWAYS_SEARCH_USER_PATHS = NO;
				ARCHS = "$(ARCHS_STANDARD_32_BIT)";
				CLANG_ENABLE_OBJC_ARC = YES;
				"CODE_SIGN_IDENTITY[sdk=iphoneos*]" = "iPhone Developer";
				COPY_PHASE_STRIP = NO;
				DEAD_CODE_STRIPPING = NO;
				DEPLOYMENT_POSTPROCESSING = YES;
				GCC_C_LANGUAGE_STANDARD = gnu99;
				GCC_DYNAMIC_NO_PIC = NO;
				GCC_OPTIMIZATION_LEVEL = 0;
				GCC_PREPROCESSOR_DEFINITIONS = (
					"DEBUG=1",
					"$(inherited)",
				);
				GCC_SYMBOLS_PRIVATE_EXTERN = NO;
				GCC_VERSION = com.apple.compilers.llvm.clang.1_0;
				GCC_WARN_ABOUT_MISSING_PROTOTYPES = YES;
				GCC_WARN_ABOUT_RETURN_TYPE = YES;
				GCC_WARN_UNUSED_VARIABLE = YES;
				IPHONEOS_DEPLOYMENT_TARGET = 5.0;
				OTHER_LDFLAGS = "";
				SDKROOT = iphoneos;
				TARGETED_DEVICE_FAMILY = "1,2";
			};
			name = Debug;
		};
		8C2F9BA11507BEF30031011A /* Release */ = {
			isa = XCBuildConfiguration;
			buildSettings = {
				ALWAYS_SEARCH_USER_PATHS = NO;
				ARCHS = "$(ARCHS_STANDARD_32_BIT)";
				CLANG_ENABLE_OBJC_ARC = YES;
				"CODE_SIGN_IDENTITY[sdk=iphoneos*]" = "iPhone Developer";
				COPY_PHASE_STRIP = YES;
				DEAD_CODE_STRIPPING = NO;
				DEPLOYMENT_POSTPROCESSING = YES;
				GCC_C_LANGUAGE_STANDARD = gnu99;
				GCC_VERSION = com.apple.compilers.llvm.clang.1_0;
				GCC_WARN_ABOUT_MISSING_PROTOTYPES = YES;
				GCC_WARN_ABOUT_RETURN_TYPE = YES;
				GCC_WARN_UNUSED_VARIABLE = YES;
				IPHONEOS_DEPLOYMENT_TARGET = 5.0;
				OTHER_CFLAGS = "-DNS_BLOCK_ASSERTIONS=1";
				OTHER_LDFLAGS = "";
				SDKROOT = iphoneos;
				TARGETED_DEVICE_FAMILY = "1,2";
				VALIDATE_PRODUCT = YES;
			};
			name = Release;
		};
		8C2F9BA31507BEF30031011A /* Debug */ = {
			isa = XCBuildConfiguration;
			buildSettings = {
				CODE_SIGN_IDENTITY = "iPhone Developer";
				"CODE_SIGN_IDENTITY[sdk=iphoneos*]" = "iPhone Developer";
				FRAMEWORK_SEARCH_PATHS = (
					"$(inherited)",
					"\"$(SRCROOT)/../Framework\"",
					"$(PROJECT_DIR)",
				);
				GCC_PRECOMPILE_PREFIX_HEADER = YES;
				GCC_PREFIX_HEADER = "OpenEarsSampleApp/OpenEarsTrial-Prefix.pch";
				INFOPLIST_FILE = "OpenEarsSampleApp/OpenEarsTrial-Info.plist";
				IPHONEOS_DEPLOYMENT_TARGET = 7.1;
				LIBRARY_SEARCH_PATHS = (
					"$(inherited)",
					"\"$(SDKROOT)/usr/lib/system\"",
				);
				OTHER_LDFLAGS = "-ObjC";
				PRODUCT_NAME = OpenEarsTrial;
				PROVISIONING_PROFILE = "";
				"PROVISIONING_PROFILE[sdk=iphoneos*]" = "";
				STRIP_INSTALLED_PRODUCT = YES;
				WRAPPER_EXTENSION = app;
			};
			name = Debug;
		};
		8C2F9BA41507BEF30031011A /* Release */ = {
			isa = XCBuildConfiguration;
			buildSettings = {
				CODE_SIGN_IDENTITY = "iPhone Developer";
				"CODE_SIGN_IDENTITY[sdk=iphoneos*]" = "iPhone Developer";
				FRAMEWORK_SEARCH_PATHS = (
					"$(inherited)",
					"\"$(SRCROOT)/../Framework\"",
					"$(PROJECT_DIR)",
				);
				GCC_PRECOMPILE_PREFIX_HEADER = YES;
				GCC_PREFIX_HEADER = "OpenEarsSampleApp/OpenEarsTrial-Prefix.pch";
				INFOPLIST_FILE = "OpenEarsSampleApp/OpenEarsTrial-Info.plist";
				IPHONEOS_DEPLOYMENT_TARGET = 7.1;
				LIBRARY_SEARCH_PATHS = (
					"$(inherited)",
					"\"$(SDKROOT)/usr/lib/system\"",
				);
				OTHER_LDFLAGS = "-ObjC";
				PRODUCT_NAME = OpenEarsTrial;
				PROVISIONING_PROFILE = "";
				"PROVISIONING_PROFILE[sdk=iphoneos*]" = "";
				STRIP_INSTALLED_PRODUCT = YES;
				WRAPPER_EXTENSION = app;
			};
			name = Release;
		};
		8C2F9BA61507BEF30031011A /* Debug */ = {
			isa = XCBuildConfiguration;
			buildSettings = {
				BUNDLE_LOADER = "$(BUILT_PRODUCTS_DIR)/OpenEarsSampleApp.app/OpenEarsSampleApp";
				FRAMEWORK_SEARCH_PATHS = (
					"$(SDKROOT)/Developer/Library/Frameworks",
					"$(DEVELOPER_LIBRARY_DIR)/Frameworks",
				);
				GCC_PRECOMPILE_PREFIX_HEADER = YES;
				GCC_PREFIX_HEADER = "OpenEarsSampleApp/OpenEarsSampleApp-Prefix.pch";
				INFOPLIST_FILE = "OpenEarsSampleAppTests/OpenEarsTrialTests-Info.plist";
				PRODUCT_NAME = OpenEarsTrialTests;
				TEST_HOST = "$(BUNDLE_LOADER)";
				WRAPPER_EXTENSION = octest;
			};
			name = Debug;
		};
		8C2F9BA71507BEF30031011A /* Release */ = {
			isa = XCBuildConfiguration;
			buildSettings = {
				BUNDLE_LOADER = "$(BUILT_PRODUCTS_DIR)/OpenEarsSampleApp.app/OpenEarsSampleApp";
				FRAMEWORK_SEARCH_PATHS = (
					"$(SDKROOT)/Developer/Library/Frameworks",
					"$(DEVELOPER_LIBRARY_DIR)/Frameworks",
				);
				GCC_PRECOMPILE_PREFIX_HEADER = YES;
				GCC_PREFIX_HEADER = "OpenEarsSampleApp/OpenEarsSampleApp-Prefix.pch";
				INFOPLIST_FILE = "OpenEarsSampleAppTests/OpenEarsTrialTests-Info.plist";
				PRODUCT_NAME = OpenEarsTrialTests;
				TEST_HOST = "$(BUNDLE_LOADER)";
				WRAPPER_EXTENSION = octest;
			};
			name = Release;
		};
/* End XCBuildConfiguration section */

/* Begin XCConfigurationList section */
		8C2F9B661507BEF20031011A /* Build configuration list for PBXProject "OpenEarsTrial" */ = {
			isa = XCConfigurationList;
			buildConfigurations = (
				8C2F9BA01507BEF30031011A /* Debug */,
				8C2F9BA11507BEF30031011A /* Release */,
			);
			defaultConfigurationIsVisible = 0;
			defaultConfigurationName = Release;
		};
		8C2F9BA21507BEF30031011A /* Build configuration list for PBXNativeTarget "OpenEarsTrial" */ = {
			isa = XCConfigurationList;
			buildConfigurations = (
				8C2F9BA31507BEF30031011A /* Debug */,
				8C2F9BA41507BEF30031011A /* Release */,
			);
			defaultConfigurationIsVisible = 0;
			defaultConfigurationName = Release;
		};
		8C2F9BA51507BEF30031011A /* Build configuration list for PBXNativeTarget "OpenEarsTrialTests" */ = {
			isa = XCConfigurationList;
			buildConfigurations = (
				8C2F9BA61507BEF30031011A /* Debug */,
				8C2F9BA71507BEF30031011A /* Release */,
			);
			defaultConfigurationIsVisible = 0;
			defaultConfigurationName = Release;
		};
/* End XCConfigurationList section */
	};
	rootObject = 8C2F9B631507BEF20031011A /* Project object */;
}
